
Microsoft Visual Studio Solution File, Format Version 12.00
# Visual Studio Version 17
VisualStudioVersion = 17.14.37216.2
MinimumVisualStudioVersion = 10.0.40219.1
Project("{FAE04EC0-301F-11D3-BF4B-00C04F79EFBC}") = "Scientific_Journal_Publication_Trend_Tracking_System", "Scientific_Journal_Publication_Trend_Tracking_System.csproj", "{8F650629-0AA0-43BA-988C-77AA1FE79C1D}"
EndProject
Project("{2150E333-8FDC-42A3-9474-1A3956D46DE8}") = "Tests", "Tests", "{0AB3BF05-4346-4AA6-1389-037BE0695223}"
EndProject
Project("{FAE04EC0-301F-11D3-BF4B-00C04F79EFBC}") = "Scientific_Journal_Publication_Trend_Tracking_System.Tests", "Tests\Scientific_Journal_Publication_Trend_Tracking_System.Tests.csproj", "{2A25C7E1-A0C7-4C5F-9523-E11E2ACB7650}"
EndProject
Global
	GlobalSection(SolutionConfigurationPlatforms) = preSolution
		Debug|Any CPU = Debug|Any CPU
		Debug|x64 = Debug|x64
		Debug|x86 = Debug|x86
		Release|Any CPU = Release|Any CPU
		Release|x64 = Release|x64
		Release|x86 = Release|x86
	EndGlobalSection
	GlobalSection(ProjectConfigurationPlatforms) = postSolution
		{8F650629-0AA0-43BA-988C-77AA1FE79C1D}.Debug|Any CPU.ActiveCfg = Debug|Any CPU
		{8F650629-0AA0-43BA-988C-77AA1FE79C1D}.Debug|Any CPU.Build.0 = Debug|Any CPU
		{8F650629-0AA0-43BA-988C-77AA1FE79C1D}.Debug|x64.ActiveCfg = Debug|Any CPU
		{8F650629-0AA0-43BA-988C-77AA1FE79C1D}.Debug|x64.Build.0 = Debug|Any CPU
		{8F650629-0AA0-43BA-988C-77AA1FE79C1D}.Debug|x86.ActiveCfg = Debug|Any CPU
		{8F650629-0AA0-43BA-988C-77AA1FE79C1D}.Debug|x86.Build.0 = Debug|Any CPU
		{8F650629-0AA0-43BA-988C-77AA1FE79C1D}.Release|Any CPU.ActiveCfg = Release|Any CPU
		{8F650629-0AA0-43BA-988C-77AA1FE79C1D}.Release|Any CPU.Build.0 = Release|Any CPU
		{8F650629-0AA0-43BA-988C-77AA1FE79C1D}.Release|x64.ActiveCfg = Release|Any CPU
		{8F650629-0AA0-43BA-988C-77AA1FE79C1D}.Release|x64.Build.0 = Release|Any CPU
		{8F650629-0AA0-43BA-988C-77AA1FE79C1D}.Release|x86.ActiveCfg = Release|Any CPU
		{8F650629-0AA0-43BA-988C-77AA1FE79C1D}.Release|x86.Build.0 = Release|Any CPU
		{2A25C7E1-A0C7-4C5F-9523-E11E2ACB7650}.Debug|Any CPU.ActiveCfg = Debug|Any CPU
		{2A25C7E1-A0C7-4C5F-9523-E11E2ACB7650}.Debug|Any CPU.Build.0 = Debug|Any CPU
		{2A25C7E1-A0C7-4C5F-9523-E11E2ACB7650}.Debug|x64.ActiveCfg = Debug|Any CPU
		{2A25C7E1-A0C7-4C5F-9523-E11E2ACB7650}.Debug|x64.Build.0 = Debug|Any CPU
		{2A25C7E1-A0C7-4C5F-9523-E11E2ACB7650}.Debug|x86.ActiveCfg = Debug|Any CPU
		{2A25C7E1-A0C7-4C5F-9523-E11E2ACB7650}.Debug|x86.Build.0 = Debug|Any CPU
		{2A25C7E1-A0C7-4C5F-9523-E11E2ACB7650}.Release|Any CPU.ActiveCfg = Release|Any CPU
		{2A25C7E1-A0C7-4C5F-9523-E11E2ACB7650}.Release|Any CPU.Build.0 = Release|Any CPU
		{2A25C7E1-A0C7-4C5F-9523-E11E2ACB7650}.Release|x64.ActiveCfg = Release|Any CPU
		{2A25C7E1-A0C7-4C5F-9523-E11E2ACB7650}.Release|x64.Build.0 = Release|Any CPU
		{2A25C7E1-A0C7-4C5F-9523-E11E2ACB7650}.Release|x86.ActiveCfg = Release|Any CPU
		{2A25C7E1-A0C7-4C5F-9523-E11E2ACB7650}.Release|x86.Build.0 = Release|Any CPU
	EndGlobalSection
	GlobalSection(SolutionProperties) = preSolution
		HideSolutionNode = FALSE
	EndGlobalSection
	GlobalSection(NestedProjects) = preSolution
		{2A25C7E1-A0C7-4C5F-9523-E11E2ACB7650} = {0AB3BF05-4346-4AA6-1389-037BE0695223}
	EndGlobalSection
	GlobalSection(ExtensibilityGlobals) = postSolution
		SolutionGuid = {52EF9A11-E765-4B63-AF69-10710D8EFB9B}
	EndGlobalSection
EndGlobal
